
Microsoft Visual Studio Solution File, Format Version 12.00
# Visual Studio 15
Project("{FAE04EC0-301F-11D3-BF4B-00C04F79EFBC}") = "SekiroChecklist.Android", "SekiroChecklist.Android\SekiroChecklist.Android.csproj", "{BACDD55C-8BC4-4B00-8B28-C43F87D87B64}"
EndProject
Project("{FAE04EC0-301F-11D3-BF4B-00C04F79EFBC}") = "SekiroChecklist.iOS", "SekiroChecklist.iOS\SekiroChecklist.iOS.csproj", "{805DE32C-F578-48A4-A63C-B590F4423870}"
EndProject
Project("{FAE04EC0-301F-11D3-BF4B-00C04F79EFBC}") = "SekiroChecklist", "SekiroChecklist\SekiroChecklist.csproj", "{F5884D2F-B776-44A1-A3D1-BF2F15C20C79}"
EndProject
Global
	GlobalSection(SolutionConfigurationPlatforms) = preSolution
		Debug|Any CPU = Debug|Any CPU
		Release|Any CPU = Release|Any CPU
		Debug|iPhoneSimulator = Debug|iPhoneSimulator
		Release|iPhoneSimulator = Release|iPhoneSimulator
		Debug|iPhone = Debug|iPhone
		Release|iPhone = Release|iPhone
	EndGlobalSection
	GlobalSection(ProjectConfigurationPlatforms) = postSolution
		{BACDD55C-8BC4-4B00-8B28-C43F87D87B64}.Debug|Any CPU.ActiveCfg = Debug|Any CPU
		{BACDD55C-8BC4-4B00-8B28-C43F87D87B64}.Debug|Any CPU.Build.0 = Debug|Any CPU
		{BACDD55C-8BC4-4B00-8B28-C43F87D87B64}.Release|Any CPU.ActiveCfg = Release|Any CPU
		{BACDD55C-8BC4-4B00-8B28-C43F87D87B64}.Release|Any CPU.Build.0 = Release|Any CPU
		{BACDD55C-8BC4-4B00-8B28-C43F87D87B64}.Debug|iPhoneSimulator.ActiveCfg = Debug|Any CPU
		{BACDD55C-8BC4-4B00-8B28-C43F87D87B64}.Debug|iPhoneSimulator.Build.0 = Debug|Any CPU
		{BACDD55C-8BC4-4B00-8B28-C43F87D87B64}.Release|iPhoneSimulator.ActiveCfg = Release|Any CPU
		{BACDD55C-8BC4-4B00-8B28-C43F87D87B64}.Release|iPhoneSimulator.Build.0 = Release|Any CPU
		{BACDD55C-8BC4-4B00-8B28-C43F87D87B64}.Debug|iPhone.ActiveCfg = Debug|Any CPU
		{BACDD55C-8BC4-4B00-8B28-C43F87D87B64}.Debug|iPhone.Build.0 = Debug|Any CPU
		{BACDD55C-8BC4-4B00-8B28-C43F87D87B64}.Release|iPhone.ActiveCfg = Release|Any CPU
		{BACDD55C-8BC4-4B00-8B28-C43F87D87B64}.Release|iPhone.Build.0 = Release|Any CPU
		{805DE32C-F578-48A4-A63C-B590F4423870}.Debug|Any CPU.ActiveCfg = Debug|iPhoneSimulator
		{805DE32C-F578-48A4-A63C-B590F4423870}.Debug|Any CPU.Build.0 = Debug|iPhoneSimulator
		{805DE32C-F578-48A4-A63C-B590F4423870}.Release|Any CPU.ActiveCfg = Release|iPhoneSimulator
		{805DE32C-F578-48A4-A63C-B590F4423870}.Release|Any CPU.Build.0 = Release|iPhoneSimulator
		{805DE32C-F578-48A4-A63C-B590F4423870}.Debug|iPhoneSimulator.ActiveCfg = Debug|iPhoneSimulator
		{805DE32C-F578-48A4-A63C-B590F4423870}.Debug|iPhoneSimulator.Build.0 = Debug|iPhoneSimulator
		{805DE32C-F578-48A4-A63C-B590F4423870}.Release|iPhoneSimulator.ActiveCfg = Release|iPhoneSimulator
		{805DE32C-F578-48A4-A63C-B590F4423870}.Release|iPhoneSimulator.Build.0 = Release|iPhoneSimulator
		{805DE32C-F578-48A4-A63C-B590F4423870}.Debug|iPhone.ActiveCfg = Debug|iPhone
		{805DE32C-F578-48A4-A63C-B590F4423870}.Debug|iPhone.Build.0 = Debug|iPhone
		{805DE32C-F578-48A4-A63C-B590F4423870}.Release|iPhone.ActiveCfg = Release|iPhone
		{805DE32C-F578-48A4-A63C-B590F4423870}.Release|iPhone.Build.0 = Release|iPhone
		{F5884D2F-B776-44A1-A3D1-BF2F15C20C79}.Debug|Any CPU.ActiveCfg = Debug|Any CPU
		{F5884D2F-B776-44A1-A3D1-BF2F15C20C79}.Debug|Any CPU.Build.0 = Debug|Any CPU
		{F5884D2F-B776-44A1-A3D1-BF2F15C20C79}.Release|Any CPU.ActiveCfg = Release|Any CPU
		{F5884D2F-B776-44A1-A3D1-BF2F15C20C79}.Release|Any CPU.Build.0 = Release|Any CPU
		{F5884D2F-B776-44A1-A3D1-BF2F15C20C79}.Debug|iPhoneSimulator.ActiveCfg = Debug|Any CPU
		{F5884D2F-B776-44A1-A3D1-BF2F15C20C79}.Debug|iPhoneSimulator.Build.0 = Debug|Any CPU
		{F5884D2F-B776-44A1-A3D1-BF2F15C20C79}.Release|iPhoneSimulator.ActiveCfg = Release|Any CPU
		{F5884D2F-B776-44A1-A3D1-BF2F15C20C79}.Release|iPhoneSimulator.Build.0 = Release|Any CPU
		{F5884D2F-B776-44A1-A3D1-BF2F15C20C79}.Debug|iPhone.ActiveCfg = Debug|Any CPU
		{F5884D2F-B776-44A1-A3D1-BF2F15C20C79}.Debug|iPhone.Build.0 = Debug|Any CPU
		{F5884D2F-B776-44A1-A3D1-BF2F15C20C79}.Release|iPhone.ActiveCfg = Release|Any CPU
		{F5884D2F-B776-44A1-A3D1-BF2F15C20C79}.Release|iPhone.Build.0 = Release|Any CPU
	EndGlobalSection
EndGlobal
